
Microsoft Visual Studio Solution File, Format Version 12.00
# Visual Studio 2012
Project("{FAE04EC0-301F-11D3-BF4B-00C04F79EFBC}") = "TestMethodTest", "TestMethodTest\TestMethodTest.csproj", "{863AE2A7-49E2-44AC-AFF8-7673F8B51B92}"
EndProject
Project("{FAE04EC0-301F-11D3-BF4B-00C04F79EFBC}") = "BeforeTestMethod", "BeforeTestMethod\BeforeTestMethod.csproj", "{FA4FAFE3-C123-4A15-B801-9CBE5B982BD2}"
EndProject
Project("{FAE04EC0-301F-11D3-BF4B-00C04F79EFBC}") = "AfterTestMethod", "AfterTestMethod\AfterTestMethod.csproj", "{99988173-C9DA-4AD7-9C53-DADFB9E7E742}"
EndProject
Project("{FAE04EC0-301F-11D3-BF4B-00C04F79EFBC}") = "BeforeClassMethodTest", "BeforeClassMethodTest\BeforeClassMethodTest.csproj", "{F306DC4B-77B0-4888-B11C-EF09704BF86E}"
EndProject
Project("{FAE04EC0-301F-11D3-BF4B-00C04F79EFBC}") = "AfterClassMethodTest", "AfterClassMethodTest\AfterClassMethodTest.csproj", "{24862985-FE88-400C-B125-8BC36D5C796C}"
EndProject
Project("{FAE04EC0-301F-11D3-BF4B-00C04F79EFBC}") = "OtherTest", "TestDll\OtherTest.csproj", "{19B622EA-6CA6-403E-AABD-850C12003C82}"
EndProject
Global
	GlobalSection(SolutionConfigurationPlatforms) = preSolution
		Debug|Any CPU = Debug|Any CPU
		Release|Any CPU = Release|Any CPU
	EndGlobalSection
	GlobalSection(ProjectConfigurationPlatforms) = postSolution
		{19B622EA-6CA6-403E-AABD-850C12003C82}.Debug|Any CPU.ActiveCfg = Debug|Any CPU
		{19B622EA-6CA6-403E-AABD-850C12003C82}.Debug|Any CPU.Build.0 = Debug|Any CPU
		{19B622EA-6CA6-403E-AABD-850C12003C82}.Release|Any CPU.ActiveCfg = Release|Any CPU
		{19B622EA-6CA6-403E-AABD-850C12003C82}.Release|Any CPU.Build.0 = Release|Any CPU
		{24862985-FE88-400C-B125-8BC36D5C796C}.Debug|Any CPU.ActiveCfg = Debug|Any CPU
		{24862985-FE88-400C-B125-8BC36D5C796C}.Debug|Any CPU.Build.0 = Debug|Any CPU
		{24862985-FE88-400C-B125-8BC36D5C796C}.Release|Any CPU.ActiveCfg = Release|Any CPU
		{24862985-FE88-400C-B125-8BC36D5C796C}.Release|Any CPU.Build.0 = Release|Any CPU
		{863AE2A7-49E2-44AC-AFF8-7673F8B51B92}.Debug|Any CPU.ActiveCfg = Debug|Any CPU
		{863AE2A7-49E2-44AC-AFF8-7673F8B51B92}.Debug|Any CPU.Build.0 = Debug|Any CPU
		{863AE2A7-49E2-44AC-AFF8-7673F8B51B92}.Release|Any CPU.ActiveCfg = Release|Any CPU
		{863AE2A7-49E2-44AC-AFF8-7673F8B51B92}.Release|Any CPU.Build.0 = Release|Any CPU
		{99988173-C9DA-4AD7-9C53-DADFB9E7E742}.Debug|Any CPU.ActiveCfg = Debug|Any CPU
		{99988173-C9DA-4AD7-9C53-DADFB9E7E742}.Debug|Any CPU.Build.0 = Debug|Any CPU
		{99988173-C9DA-4AD7-9C53-DADFB9E7E742}.Release|Any CPU.ActiveCfg = Release|Any CPU
		{99988173-C9DA-4AD7-9C53-DADFB9E7E742}.Release|Any CPU.Build.0 = Release|Any CPU
		{F306DC4B-77B0-4888-B11C-EF09704BF86E}.Debug|Any CPU.ActiveCfg = Debug|Any CPU
		{F306DC4B-77B0-4888-B11C-EF09704BF86E}.Debug|Any CPU.Build.0 = Debug|Any CPU
		{F306DC4B-77B0-4888-B11C-EF09704BF86E}.Release|Any CPU.ActiveCfg = Release|Any CPU
		{F306DC4B-77B0-4888-B11C-EF09704BF86E}.Release|Any CPU.Build.0 = Release|Any CPU
		{FA4FAFE3-C123-4A15-B801-9CBE5B982BD2}.Debug|Any CPU.ActiveCfg = Debug|Any CPU
		{FA4FAFE3-C123-4A15-B801-9CBE5B982BD2}.Debug|Any CPU.Build.0 = Debug|Any CPU
		{FA4FAFE3-C123-4A15-B801-9CBE5B982BD2}.Release|Any CPU.ActiveCfg = Release|Any CPU
		{FA4FAFE3-C123-4A15-B801-9CBE5B982BD2}.Release|Any CPU.Build.0 = Release|Any CPU
	EndGlobalSection
EndGlobal
