
Microsoft Visual Studio Solution File, Format Version 12.00
# Visual Studio 2012
Project("{FAE04EC0-301F-11D3-BF4B-00C04F79EFBC}") = "MyOption", "MyOption\MyOption.csproj", "{D2AD255C-CE56-4B26-88C2-C6B1F39DC913}"
EndProject
Project("{FAE04EC0-301F-11D3-BF4B-00C04F79EFBC}") = "MyOption.Test", "MyOption.Test\MyOption.Test.csproj", "{078F2730-DC28-4372-A3C2-42583F17FC9A}"
EndProject
Global
	GlobalSection(SolutionConfigurationPlatforms) = preSolution
		Debug|Any CPU = Debug|Any CPU
		Release|Any CPU = Release|Any CPU
		{95B156AB-F4C3-41CD-929C-719A52A4442A}.Debug|Any CPU.ActiveCfg = {95B156AB-F4C3-41CD-929C-719A52A4442A}.Debug|Any CPU.ActiveCfg
		{95B156AB-F4C3-41CD-929C-719A52A4442A}.Debug|Any CPU.Build.0 = {95B156AB-F4C3-41CD-929C-719A52A4442A}.Debug|Any CPU.Build.0
		{95B156AB-F4C3-41CD-929C-719A52A4442A}.Release|Any CPU.ActiveCfg = {95B156AB-F4C3-41CD-929C-719A52A4442A}.Release|Any CPU.ActiveCfg
		{95B156AB-F4C3-41CD-929C-719A52A4442A}.Release|Any CPU.Build.0 = {95B156AB-F4C3-41CD-929C-719A52A4442A}.Release|Any CPU.Build.0
		{D8328A09-360D-44F8-A57B-7DB1BCD857DC}.Debug|Any CPU.ActiveCfg = {D8328A09-360D-44F8-A57B-7DB1BCD857DC}.Debug|Any CPU.ActiveCfg
		{D8328A09-360D-44F8-A57B-7DB1BCD857DC}.Debug|Any CPU.Build.0 = {D8328A09-360D-44F8-A57B-7DB1BCD857DC}.Debug|Any CPU.Build.0
		{D8328A09-360D-44F8-A57B-7DB1BCD857DC}.Release|Any CPU.ActiveCfg = {D8328A09-360D-44F8-A57B-7DB1BCD857DC}.Release|Any CPU.ActiveCfg
		{D8328A09-360D-44F8-A57B-7DB1BCD857DC}.Release|Any CPU.Build.0 = {D8328A09-360D-44F8-A57B-7DB1BCD857DC}.Release|Any CPU.Build.0
	EndGlobalSection
	GlobalSection(ProjectConfigurationPlatforms) = postSolution
		{D2AD255C-CE56-4B26-88C2-C6B1F39DC913}.Debug|Any CPU.ActiveCfg = Debug|Any CPU
		{D2AD255C-CE56-4B26-88C2-C6B1F39DC913}.Debug|Any CPU.Build.0 = Debug|Any CPU
		{D2AD255C-CE56-4B26-88C2-C6B1F39DC913}.Release|Any CPU.ActiveCfg = Release|Any CPU
		{D2AD255C-CE56-4B26-88C2-C6B1F39DC913}.Release|Any CPU.Build.0 = Release|Any CPU
		{D2AD255C-CE56-4B26-88C2-C6B1F39DC913}.{95B156AB-F4C3-41CD-929C-719A52A4442A}.Debug|Any CPU.ActiveCfg.ActiveCfg = Debug|Any CPU
		{D2AD255C-CE56-4B26-88C2-C6B1F39DC913}.{95B156AB-F4C3-41CD-929C-719A52A4442A}.Debug|Any CPU.ActiveCfg.Build.0 = Debug|Any CPU
		{D2AD255C-CE56-4B26-88C2-C6B1F39DC913}.{95B156AB-F4C3-41CD-929C-719A52A4442A}.Debug|Any CPU.Build.0.ActiveCfg = Debug|Any CPU
		{D2AD255C-CE56-4B26-88C2-C6B1F39DC913}.{95B156AB-F4C3-41CD-929C-719A52A4442A}.Debug|Any CPU.Build.0.Build.0 = Debug|Any CPU
		{D2AD255C-CE56-4B26-88C2-C6B1F39DC913}.{95B156AB-F4C3-41CD-929C-719A52A4442A}.Release|Any CPU.ActiveCfg.ActiveCfg = Debug|Any CPU
		{D2AD255C-CE56-4B26-88C2-C6B1F39DC913}.{95B156AB-F4C3-41CD-929C-719A52A4442A}.Release|Any CPU.ActiveCfg.Build.0 = Debug|Any CPU
		{D2AD255C-CE56-4B26-88C2-C6B1F39DC913}.{95B156AB-F4C3-41CD-929C-719A52A4442A}.Release|Any CPU.Build.0.ActiveCfg = Debug|Any CPU
		{D2AD255C-CE56-4B26-88C2-C6B1F39DC913}.{95B156AB-F4C3-41CD-929C-719A52A4442A}.Release|Any CPU.Build.0.Build.0 = Debug|Any CPU
		{D2AD255C-CE56-4B26-88C2-C6B1F39DC913}.{D8328A09-360D-44F8-A57B-7DB1BCD857DC}.Debug|Any CPU.ActiveCfg.ActiveCfg = Debug|Any CPU
		{D2AD255C-CE56-4B26-88C2-C6B1F39DC913}.{D8328A09-360D-44F8-A57B-7DB1BCD857DC}.Debug|Any CPU.ActiveCfg.Build.0 = Debug|Any CPU
		{D2AD255C-CE56-4B26-88C2-C6B1F39DC913}.{D8328A09-360D-44F8-A57B-7DB1BCD857DC}.Debug|Any CPU.Build.0.ActiveCfg = Debug|Any CPU
		{D2AD255C-CE56-4B26-88C2-C6B1F39DC913}.{D8328A09-360D-44F8-A57B-7DB1BCD857DC}.Debug|Any CPU.Build.0.Build.0 = Debug|Any CPU
		{D2AD255C-CE56-4B26-88C2-C6B1F39DC913}.{D8328A09-360D-44F8-A57B-7DB1BCD857DC}.Release|Any CPU.ActiveCfg.ActiveCfg = Debug|Any CPU
		{D2AD255C-CE56-4B26-88C2-C6B1F39DC913}.{D8328A09-360D-44F8-A57B-7DB1BCD857DC}.Release|Any CPU.ActiveCfg.Build.0 = Debug|Any CPU
		{D2AD255C-CE56-4B26-88C2-C6B1F39DC913}.{D8328A09-360D-44F8-A57B-7DB1BCD857DC}.Release|Any CPU.Build.0.ActiveCfg = Debug|Any CPU
		{D2AD255C-CE56-4B26-88C2-C6B1F39DC913}.{D8328A09-360D-44F8-A57B-7DB1BCD857DC}.Release|Any CPU.Build.0.Build.0 = Debug|Any CPU
		{078F2730-DC28-4372-A3C2-42583F17FC9A}.Debug|Any CPU.ActiveCfg = Debug|Any CPU
		{078F2730-DC28-4372-A3C2-42583F17FC9A}.Debug|Any CPU.Build.0 = Debug|Any CPU
		{078F2730-DC28-4372-A3C2-42583F17FC9A}.Release|Any CPU.ActiveCfg = Release|Any CPU
		{078F2730-DC28-4372-A3C2-42583F17FC9A}.Release|Any CPU.Build.0 = Release|Any CPU
		{078F2730-DC28-4372-A3C2-42583F17FC9A}.{95B156AB-F4C3-41CD-929C-719A52A4442A}.Debug|Any CPU.ActiveCfg.ActiveCfg = Debug|Any CPU
		{078F2730-DC28-4372-A3C2-42583F17FC9A}.{95B156AB-F4C3-41CD-929C-719A52A4442A}.Debug|Any CPU.ActiveCfg.Build.0 = Debug|Any CPU
		{078F2730-DC28-4372-A3C2-42583F17FC9A}.{95B156AB-F4C3-41CD-929C-719A52A4442A}.Debug|Any CPU.Build.0.ActiveCfg = Debug|Any CPU
		{078F2730-DC28-4372-A3C2-42583F17FC9A}.{95B156AB-F4C3-41CD-929C-719A52A4442A}.Debug|Any CPU.Build.0.Build.0 = Debug|Any CPU
		{078F2730-DC28-4372-A3C2-42583F17FC9A}.{95B156AB-F4C3-41CD-929C-719A52A4442A}.Release|Any CPU.ActiveCfg.ActiveCfg = Debug|Any CPU
		{078F2730-DC28-4372-A3C2-42583F17FC9A}.{95B156AB-F4C3-41CD-929C-719A52A4442A}.Release|Any CPU.ActiveCfg.Build.0 = Debug|Any CPU
		{078F2730-DC28-4372-A3C2-42583F17FC9A}.{95B156AB-F4C3-41CD-929C-719A52A4442A}.Release|Any CPU.Build.0.ActiveCfg = Debug|Any CPU
		{078F2730-DC28-4372-A3C2-42583F17FC9A}.{95B156AB-F4C3-41CD-929C-719A52A4442A}.Release|Any CPU.Build.0.Build.0 = Debug|Any CPU
		{078F2730-DC28-4372-A3C2-42583F17FC9A}.{D8328A09-360D-44F8-A57B-7DB1BCD857DC}.Debug|Any CPU.ActiveCfg.ActiveCfg = Debug|Any CPU
		{078F2730-DC28-4372-A3C2-42583F17FC9A}.{D8328A09-360D-44F8-A57B-7DB1BCD857DC}.Debug|Any CPU.ActiveCfg.Build.0 = Debug|Any CPU
		{078F2730-DC28-4372-A3C2-42583F17FC9A}.{D8328A09-360D-44F8-A57B-7DB1BCD857DC}.Debug|Any CPU.Build.0.ActiveCfg = Debug|Any CPU
		{078F2730-DC28-4372-A3C2-42583F17FC9A}.{D8328A09-360D-44F8-A57B-7DB1BCD857DC}.Debug|Any CPU.Build.0.Build.0 = Debug|Any CPU
		{078F2730-DC28-4372-A3C2-42583F17FC9A}.{D8328A09-360D-44F8-A57B-7DB1BCD857DC}.Release|Any CPU.ActiveCfg.ActiveCfg = Debug|Any CPU
		{078F2730-DC28-4372-A3C2-42583F17FC9A}.{D8328A09-360D-44F8-A57B-7DB1BCD857DC}.Release|Any CPU.ActiveCfg.Build.0 = Debug|Any CPU
		{078F2730-DC28-4372-A3C2-42583F17FC9A}.{D8328A09-360D-44F8-A57B-7DB1BCD857DC}.Release|Any CPU.Build.0.ActiveCfg = Debug|Any CPU
		{078F2730-DC28-4372-A3C2-42583F17FC9A}.{D8328A09-360D-44F8-A57B-7DB1BCD857DC}.Release|Any CPU.Build.0.Build.0 = Debug|Any CPU
	EndGlobalSection
EndGlobal
